
Microsoft Visual Studio Solution File, Format Version 12.00
# Visual Studio Version 17
VisualStudioVersion = 17.9.34714.143
MinimumVisualStudioVersion = 10.0.40219.1
Project("{2150E333-8FDC-42A3-9474-1A3956D46DE8}") = "src", "src", "{C4BBB0AF-FF44-4D15-9309-7BC1B70F235F}"
EndProject
Project("{2150E333-8FDC-42A3-9474-1A3956D46DE8}") = "doc", "doc", "{9A2705C8-D79E-4383-B59B-F8F7E3BD46A7}"
EndProject
Project("{2150E333-8FDC-42A3-9474-1A3956D46DE8}") = "test", "test", "{6405E249-76FD-423A-8EE2-919B40376520}"
EndProject
Project("{2150E333-8FDC-42A3-9474-1A3956D46DE8}") = "core", "core", "{2DBAE6A3-0838-4E79-98B3-CD48420D3C62}"
EndProject
Project("{2150E333-8FDC-42A3-9474-1A3956D46DE8}") = "common", "common", "{05897425-83CC-49AC-8702-39AC9B3DC0BA}"
EndProject
Project("{2150E333-8FDC-42A3-9474-1A3956D46DE8}") = "infrastructure", "infrastructure", "{80143BF5-8DBD-4C00-9B5C-357C36B3D098}"
EndProject
Project("{2150E333-8FDC-42A3-9474-1A3956D46DE8}") = "presentation", "presentation", "{F6E995AA-59B4-4499-AEAF-45DC5D6DB301}"
EndProject
Project("{2150E333-8FDC-42A3-9474-1A3956D46DE8}") = "service", "service", "{23361BE0-2076-451B-8580-50DB70ED1A68}"
EndProject
Project("{2150E333-8FDC-42A3-9474-1A3956D46DE8}") = "application", "application", "{91069374-1014-47D5-A478-B695AAA470A6}"
EndProject
Project("{2150E333-8FDC-42A3-9474-1A3956D46DE8}") = "domain", "domain", "{4A6A0311-E62C-4945-851B-1AE585DD6CAE}"
EndProject
Project("{FAE04EC0-301F-11D3-BF4B-00C04F79EFBC}") = "BookSwap.Domain", "src\core\domain\BookSwap.Domain\BookSwap.Domain.csproj", "{47552886-45B7-4307-9305-7A9AE020C728}"
EndProject
Project("{FAE04EC0-301F-11D3-BF4B-00C04F79EFBC}") = "BookSwap.EntityFrameworkCore", "src\core\domain\BookSwap.EntityFrameworkCore\BookSwap.EntityFrameworkCore.csproj", "{165D4756-AE20-421B-A20B-B40DD7BD65E9}"
EndProject
Project("{FAE04EC0-301F-11D3-BF4B-00C04F79EFBC}") = "BookSwap.Common", "src\common\BookSwap.Common\BookSwap.Common.csproj", "{999C50C9-8B64-4469-ADEA-19A67D90E54D}"
EndProject
Global
	GlobalSection(SolutionConfigurationPlatforms) = preSolution
		Debug|Any CPU = Debug|Any CPU
		Release|Any CPU = Release|Any CPU
	EndGlobalSection
	GlobalSection(ProjectConfigurationPlatforms) = postSolution
		{47552886-45B7-4307-9305-7A9AE020C728}.Debug|Any CPU.ActiveCfg = Debug|Any CPU
		{47552886-45B7-4307-9305-7A9AE020C728}.Debug|Any CPU.Build.0 = Debug|Any CPU
		{47552886-45B7-4307-9305-7A9AE020C728}.Release|Any CPU.ActiveCfg = Release|Any CPU
		{47552886-45B7-4307-9305-7A9AE020C728}.Release|Any CPU.Build.0 = Release|Any CPU
		{165D4756-AE20-421B-A20B-B40DD7BD65E9}.Debug|Any CPU.ActiveCfg = Debug|Any CPU
		{165D4756-AE20-421B-A20B-B40DD7BD65E9}.Debug|Any CPU.Build.0 = Debug|Any CPU
		{165D4756-AE20-421B-A20B-B40DD7BD65E9}.Release|Any CPU.ActiveCfg = Release|Any CPU
		{165D4756-AE20-421B-A20B-B40DD7BD65E9}.Release|Any CPU.Build.0 = Release|Any CPU
		{999C50C9-8B64-4469-ADEA-19A67D90E54D}.Debug|Any CPU.ActiveCfg = Debug|Any CPU
		{999C50C9-8B64-4469-ADEA-19A67D90E54D}.Debug|Any CPU.Build.0 = Debug|Any CPU
		{999C50C9-8B64-4469-ADEA-19A67D90E54D}.Release|Any CPU.ActiveCfg = Release|Any CPU
		{999C50C9-8B64-4469-ADEA-19A67D90E54D}.Release|Any CPU.Build.0 = Release|Any CPU
	EndGlobalSection
	GlobalSection(SolutionProperties) = preSolution
		HideSolutionNode = FALSE
	EndGlobalSection
	GlobalSection(NestedProjects) = preSolution
		{2DBAE6A3-0838-4E79-98B3-CD48420D3C62} = {C4BBB0AF-FF44-4D15-9309-7BC1B70F235F}
		{05897425-83CC-49AC-8702-39AC9B3DC0BA} = {C4BBB0AF-FF44-4D15-9309-7BC1B70F235F}
		{80143BF5-8DBD-4C00-9B5C-357C36B3D098} = {C4BBB0AF-FF44-4D15-9309-7BC1B70F235F}
		{F6E995AA-59B4-4499-AEAF-45DC5D6DB301} = {C4BBB0AF-FF44-4D15-9309-7BC1B70F235F}
		{23361BE0-2076-451B-8580-50DB70ED1A68} = {C4BBB0AF-FF44-4D15-9309-7BC1B70F235F}
		{91069374-1014-47D5-A478-B695AAA470A6} = {2DBAE6A3-0838-4E79-98B3-CD48420D3C62}
		{4A6A0311-E62C-4945-851B-1AE585DD6CAE} = {2DBAE6A3-0838-4E79-98B3-CD48420D3C62}
		{47552886-45B7-4307-9305-7A9AE020C728} = {4A6A0311-E62C-4945-851B-1AE585DD6CAE}
		{165D4756-AE20-421B-A20B-B40DD7BD65E9} = {4A6A0311-E62C-4945-851B-1AE585DD6CAE}
		{999C50C9-8B64-4469-ADEA-19A67D90E54D} = {05897425-83CC-49AC-8702-39AC9B3DC0BA}
	EndGlobalSection
	GlobalSection(ExtensibilityGlobals) = postSolution
		SolutionGuid = {A945CBE7-75D3-4D80-BF28-37F46F1C4B15}
	EndGlobalSection
EndGlobal
